
Microsoft Visual Studio Solution File, Format Version 12.00
# Visual Studio Version 17
VisualStudioVersion = 17.9.34622.214
MinimumVisualStudioVersion = 10.0.40219.1
Project("{888888A0-9F3D-457C-B088-3A5042F75D52}") = "mahat", "mahat\mahat.pyproj", "{B532A794-6DE8-4B00-9DA4-CC9862C2DE72}"
EndProject
Global
	GlobalSection(SolutionConfigurationPlatforms) = preSolution
		Debug|Any CPU = Debug|Any CPU
		Release|Any CPU = Release|Any CPU
	EndGlobalSection
	GlobalSection(ProjectConfigurationPlatforms) = postSolution
		{B532A794-6DE8-4B00-9DA4-CC9862C2DE72}.Debug|Any CPU.ActiveCfg = Debug|Any CPU
		{B532A794-6DE8-4B00-9DA4-CC9862C2DE72}.Release|Any CPU.ActiveCfg = Release|Any CPU
	EndGlobalSection
	GlobalSection(SolutionProperties) = preSolution
		HideSolutionNode = FALSE
	EndGlobalSection
	GlobalSection(ExtensibilityGlobals) = postSolution
		SolutionGuid = {79637E2F-7A2A-40BA-975D-6C3A3025DA96}
	EndGlobalSection
EndGlobal
