
Microsoft Visual Studio Solution File, Format Version 12.00
# Visual Studio Version 17
VisualStudioVersion = 17.9.34622.214
MinimumVisualStudioVersion = 10.0.40219.1
Project("{888888A0-9F3D-457C-B088-3A5042F75D52}") = "bull_pgiaa", "bull_pgiaa\bull_pgiaa.pyproj", "{CB1B96BB-5EA4-4CC1-9432-A51EC9C9347B}"
EndProject
Global
	GlobalSection(SolutionConfigurationPlatforms) = preSolution
		Debug|Any CPU = Debug|Any CPU
		Release|Any CPU = Release|Any CPU
	EndGlobalSection
	GlobalSection(ProjectConfigurationPlatforms) = postSolution
		{CB1B96BB-5EA4-4CC1-9432-A51EC9C9347B}.Debug|Any CPU.ActiveCfg = Debug|Any CPU
		{CB1B96BB-5EA4-4CC1-9432-A51EC9C9347B}.Release|Any CPU.ActiveCfg = Release|Any CPU
	EndGlobalSection
	GlobalSection(SolutionProperties) = preSolution
		HideSolutionNode = FALSE
	EndGlobalSection
	GlobalSection(ExtensibilityGlobals) = postSolution
		SolutionGuid = {A6470441-3702-4484-B1AB-E6AD93CB7524}
	EndGlobalSection
EndGlobal
