
Microsoft Visual Studio Solution File, Format Version 12.00
# Visual Studio Version 17
VisualStudioVersion = 17.9.34622.214
MinimumVisualStudioVersion = 10.0.40219.1
Project("{888888A0-9F3D-457C-B088-3A5042F75D52}") = "Python07042024", "Python07042024\Python07042024.pyproj", "{C9CD21DE-3EDD-497C-9525-622808E13B52}"
EndProject
Global
	GlobalSection(SolutionConfigurationPlatforms) = preSolution
		Debug|Any CPU = Debug|Any CPU
		Release|Any CPU = Release|Any CPU
	EndGlobalSection
	GlobalSection(ProjectConfigurationPlatforms) = postSolution
		{C9CD21DE-3EDD-497C-9525-622808E13B52}.Debug|Any CPU.ActiveCfg = Debug|Any CPU
		{C9CD21DE-3EDD-497C-9525-622808E13B52}.Release|Any CPU.ActiveCfg = Release|Any CPU
	EndGlobalSection
	GlobalSection(SolutionProperties) = preSolution
		HideSolutionNode = FALSE
	EndGlobalSection
	GlobalSection(ExtensibilityGlobals) = postSolution
		SolutionGuid = {3607DF72-A0BF-4F0B-A6A0-23714318B75C}
	EndGlobalSection
EndGlobal
